
Microsoft Visual Studio Solution File, Format Version 12.00
# Visual Studio Version 17
VisualStudioVersion = 17.14.36603.0 d17.14
MinimumVisualStudioVersion = 10.0.40219.1
Project("{FAE04EC0-301F-11D3-BF4B-00C04F79EFBC}") = "PocketLedger.TaxEngine.Api", "PocketLedger.TaxEngine.Api\PocketLedger.TaxEngine.Api.csproj", "{110E2F48-A482-42F2-8C39-E4A1E6159982}"
EndProject
Global
	GlobalSection(SolutionConfigurationPlatforms) = preSolution
		Debug|Any CPU = Debug|Any CPU
		Release|Any CPU = Release|Any CPU
	EndGlobalSection
	GlobalSection(ProjectConfigurationPlatforms) = postSolution
		{110E2F48-A482-42F2-8C39-E4A1E6159982}.Debug|Any CPU.ActiveCfg = Debug|Any CPU
		{110E2F48-A482-42F2-8C39-E4A1E6159982}.Debug|Any CPU.Build.0 = Debug|Any CPU
		{110E2F48-A482-42F2-8C39-E4A1E6159982}.Release|Any CPU.ActiveCfg = Release|Any CPU
		{110E2F48-A482-42F2-8C39-E4A1E6159982}.Release|Any CPU.Build.0 = Release|Any CPU
	EndGlobalSection
	GlobalSection(SolutionProperties) = preSolution
		HideSolutionNode = FALSE
	EndGlobalSection
	GlobalSection(ExtensibilityGlobals) = postSolution
		SolutionGuid = {25730AEC-F663-412A-B511-2764963B809E}
	EndGlobalSection
EndGlobal
